// !$*UTF8*$!
{
	archiveVersion = 1;
	classes = {
	};
	objectVersion = 46;
	objects = {

/* Begin PBXBuildFile section */
		363045C41DC0CD0E00B06BA6 /* FacebookAuthController.swift in Sources */ = {isa = PBXBuildFile; fileRef = 363045C31DC0CD0E00B06BA6 /* FacebookAuthController.swift */; };
		36F7C3B21DBE3B9900E99997 /* AppDelegate.swift in Sources */ = {isa = PBXBuildFile; fileRef = 36F7C3B11DBE3B9900E99997 /* AppDelegate.swift */; };
		36F7C3B41DBE3B9900E99997 /* ViewController.swift in Sources */ = {isa = PBXBuildFile; fileRef = 36F7C3B31DBE3B9900E99997 /* ViewController.swift */; };
		36F7C3C71DBE3B9900E99997 /* AttendrTests.swift in Sources */ = {isa = PBXBuildFile; fileRef = 36F7C3C61DBE3B9900E99997 /* AttendrTests.swift */; };
		36F7C3D21DBE3B9900E99997 /* AttendrUITests.swift in Sources */ = {isa = PBXBuildFile; fileRef = 36F7C3D11DBE3B9900E99997 /* AttendrUITests.swift */; };
		545F2C67E4208FAD5F905357 /* Pods_AttendrUITests.framework in Frameworks */ = {isa = PBXBuildFile; fileRef = 181507A0D25FB6B789239A42 /* Pods_AttendrUITests.framework */; };
		A72C5C361DC6360400EE7ADB /* SettingsViewController.swift in Sources */ = {isa = PBXBuildFile; fileRef = A72C5C351DC6360400EE7ADB /* SettingsViewController.swift */; };
		B958C1D71DC2120100F48AEC /* EventTableViewCell.swift in Sources */ = {isa = PBXBuildFile; fileRef = B958C1D61DC2120100F48AEC /* EventTableViewCell.swift */; };
		B958C1D91DC2161700F48AEC /* EventTableViewController.swift in Sources */ = {isa = PBXBuildFile; fileRef = B958C1D81DC2161700F48AEC /* EventTableViewController.swift */; };
		B9B1BD9B1DC3989B00DA580F /* ResponseViewController.swift in Sources */ = {isa = PBXBuildFile; fileRef = B9B1BD9A1DC3989B00DA580F /* ResponseViewController.swift */; };
		B9B1BD9D1DC3A61900DA580F /* Main.storyboard in Resources */ = {isa = PBXBuildFile; fileRef = B9B1BD9C1DC3A61900DA580F /* Main.storyboard */; };
		B9B1BDC01DC7B4F700DA580F /* LaunchScreen.storyboard in Resources */ = {isa = PBXBuildFile; fileRef = B9B1BDBF1DC7B4F700DA580F /* LaunchScreen.storyboard */; };
		B9B1BDC21DC7F1A300DA580F /* TablePhoto.swift in Sources */ = {isa = PBXBuildFile; fileRef = B9B1BDC11DC7F1A300DA580F /* TablePhoto.swift */; };
		B9B1BDC61DC8069700DA580F /* Assets 23-05-08-484.xcassets in Resources */ = {isa = PBXBuildFile; fileRef = B9B1BDC51DC8069700DA580F /* Assets 23-05-08-484.xcassets */; };
		B9B1BDCA1DC8F49500DA580F /* FirstScreenViewController.swift in Sources */ = {isa = PBXBuildFile; fileRef = B9B1BDC91DC8F49500DA580F /* FirstScreenViewController.swift */; };
		C0756B4C1DC74FE200F4777E /* MatchesViewController.swift in Sources */ = {isa = PBXBuildFile; fileRef = C0756B4B1DC74FE200F4777E /* MatchesViewController.swift */; };
		C0756B4E1DC7592900F4777E /* MatchesTableViewCell.swift in Sources */ = {isa = PBXBuildFile; fileRef = C0756B4D1DC7592900F4777E /* MatchesTableViewCell.swift */; };
		DF8637F283B3590BB3E4FADA /* Pods_Attendr.framework in Frameworks */ = {isa = PBXBuildFile; fileRef = FAFB47F2A685D6D42B50B957 /* Pods_Attendr.framework */; };
		E2A1127E1DC8AE4800F83F36 /* ChatViewController.swift in Sources */ = {isa = PBXBuildFile; fileRef = E2A1127D1DC8AE4800F83F36 /* ChatViewController.swift */; };
		E2A112841DC8B1D200F83F36 /* GoogleService-Info.plist in Resources */ = {isa = PBXBuildFile; fileRef = E2A112831DC8B1D200F83F36 /* GoogleService-Info.plist */; };
		F89382583E5B442575B91896 /* Pods_AttendrTests.framework in Frameworks */ = {isa = PBXBuildFile; fileRef = B53DB01A379B21796DC3EC60 /* Pods_AttendrTests.framework */; };
/* End PBXBuildFile section */

/* Begin PBXContainerItemProxy section */
		36F7C3C31DBE3B9900E99997 /* PBXContainerItemProxy */ = {
			isa = PBXContainerItemProxy;
			containerPortal = 36F7C3A61DBE3B9900E99997 /* Project object */;
			proxyType = 1;
			remoteGlobalIDString = 36F7C3AD1DBE3B9900E99997;
			remoteInfo = Attendr;
		};
		36F7C3CE1DBE3B9900E99997 /* PBXContainerItemProxy */ = {
			isa = PBXContainerItemProxy;
			containerPortal = 36F7C3A61DBE3B9900E99997 /* Project object */;
			proxyType = 1;
			remoteGlobalIDString = 36F7C3AD1DBE3B9900E99997;
			remoteInfo = Attendr;
		};
/* End PBXContainerItemProxy section */

/* Begin PBXFileReference section */
		181507A0D25FB6B789239A42 /* Pods_AttendrUITests.framework */ = {isa = PBXFileReference; explicitFileType = wrapper.framework; includeInIndex = 0; path = Pods_AttendrUITests.framework; sourceTree = BUILT_PRODUCTS_DIR; };
		2D0934FA93323F161EECCFFA /* Pods-AttendrTests.debug.xcconfig */ = {isa = PBXFileReference; includeInIndex = 1; lastKnownFileType = text.xcconfig; name = "Pods-AttendrTests.debug.xcconfig"; path = "Pods/Target Support Files/Pods-AttendrTests/Pods-AttendrTests.debug.xcconfig"; sourceTree = "<group>"; };
		363045C31DC0CD0E00B06BA6 /* FacebookAuthController.swift */ = {isa = PBXFileReference; fileEncoding = 4; lastKnownFileType = sourcecode.swift; path = FacebookAuthController.swift; sourceTree = "<group>"; };
		363045C51DC0F77500B06BA6 /* Attendr.entitlements */ = {isa = PBXFileReference; lastKnownFileType = text.plist.entitlements; path = Attendr.entitlements; sourceTree = "<group>"; };
		36F7C3AE1DBE3B9900E99997 /* Attendr.app */ = {isa = PBXFileReference; explicitFileType = wrapper.application; includeInIndex = 0; path = Attendr.app; sourceTree = BUILT_PRODUCTS_DIR; };
		36F7C3B11DBE3B9900E99997 /* AppDelegate.swift */ = {isa = PBXFileReference; lastKnownFileType = sourcecode.swift; path = AppDelegate.swift; sourceTree = "<group>"; };
		36F7C3B31DBE3B9900E99997 /* ViewController.swift */ = {isa = PBXFileReference; lastKnownFileType = sourcecode.swift; path = ViewController.swift; sourceTree = "<group>"; };
		36F7C3BD1DBE3B9900E99997 /* Info.plist */ = {isa = PBXFileReference; lastKnownFileType = text.plist.xml; path = Info.plist; sourceTree = "<group>"; };
		36F7C3C21DBE3B9900E99997 /* AttendrTests.xctest */ = {isa = PBXFileReference; explicitFileType = wrapper.cfbundle; includeInIndex = 0; path = AttendrTests.xctest; sourceTree = BUILT_PRODUCTS_DIR; };
		36F7C3C61DBE3B9900E99997 /* AttendrTests.swift */ = {isa = PBXFileReference; lastKnownFileType = sourcecode.swift; path = AttendrTests.swift; sourceTree = "<group>"; };
		36F7C3C81DBE3B9900E99997 /* Info.plist */ = {isa = PBXFileReference; lastKnownFileType = text.plist.xml; path = Info.plist; sourceTree = "<group>"; };
		36F7C3CD1DBE3B9900E99997 /* AttendrUITests.xctest */ = {isa = PBXFileReference; explicitFileType = wrapper.cfbundle; includeInIndex = 0; path = AttendrUITests.xctest; sourceTree = BUILT_PRODUCTS_DIR; };
		36F7C3D11DBE3B9900E99997 /* AttendrUITests.swift */ = {isa = PBXFileReference; lastKnownFileType = sourcecode.swift; path = AttendrUITests.swift; sourceTree = "<group>"; };
		36F7C3D31DBE3B9900E99997 /* Info.plist */ = {isa = PBXFileReference; lastKnownFileType = text.plist.xml; path = Info.plist; sourceTree = "<group>"; };
		3B445A6582E426734F812659 /* Pods-AttendrUITests.debug.xcconfig */ = {isa = PBXFileReference; includeInIndex = 1; lastKnownFileType = text.xcconfig; name = "Pods-AttendrUITests.debug.xcconfig"; path = "Pods/Target Support Files/Pods-AttendrUITests/Pods-AttendrUITests.debug.xcconfig"; sourceTree = "<group>"; };
		745EEF66521E5A722C883B13 /* Pods-Attendr.debug.xcconfig */ = {isa = PBXFileReference; includeInIndex = 1; lastKnownFileType = text.xcconfig; name = "Pods-Attendr.debug.xcconfig"; path = "Pods/Target Support Files/Pods-Attendr/Pods-Attendr.debug.xcconfig"; sourceTree = "<group>"; };
		A72C5C351DC6360400EE7ADB /* SettingsViewController.swift */ = {isa = PBXFileReference; fileEncoding = 4; lastKnownFileType = sourcecode.swift; path = SettingsViewController.swift; sourceTree = "<group>"; };
		B53DB01A379B21796DC3EC60 /* Pods_AttendrTests.framework */ = {isa = PBXFileReference; explicitFileType = wrapper.framework; includeInIndex = 0; path = Pods_AttendrTests.framework; sourceTree = BUILT_PRODUCTS_DIR; };
		B958C1D61DC2120100F48AEC /* EventTableViewCell.swift */ = {isa = PBXFileReference; fileEncoding = 4; lastKnownFileType = sourcecode.swift; path = EventTableViewCell.swift; sourceTree = "<group>"; };
		B958C1D81DC2161700F48AEC /* EventTableViewController.swift */ = {isa = PBXFileReference; fileEncoding = 4; lastKnownFileType = sourcecode.swift; path = EventTableViewController.swift; sourceTree = "<group>"; };
		B9B1BD9A1DC3989B00DA580F /* ResponseViewController.swift */ = {isa = PBXFileReference; fileEncoding = 4; lastKnownFileType = sourcecode.swift; path = ResponseViewController.swift; sourceTree = "<group>"; };
		B9B1BD9C1DC3A61900DA580F /* Main.storyboard */ = {isa = PBXFileReference; fileEncoding = 4; lastKnownFileType = file.storyboard; path = Main.storyboard; sourceTree = "<group>"; };
		B9B1BDBF1DC7B4F700DA580F /* LaunchScreen.storyboard */ = {isa = PBXFileReference; fileEncoding = 4; lastKnownFileType = file.storyboard; path = LaunchScreen.storyboard; sourceTree = "<group>"; };
		B9B1BDC11DC7F1A300DA580F /* TablePhoto.swift */ = {isa = PBXFileReference; fileEncoding = 4; lastKnownFileType = sourcecode.swift; path = TablePhoto.swift; sourceTree = "<group>"; };
		B9B1BDC51DC8069700DA580F /* Assets 23-05-08-484.xcassets */ = {isa = PBXFileReference; lastKnownFileType = folder.assetcatalog; path = "Assets 23-05-08-484.xcassets"; sourceTree = "<group>"; };
		B9B1BDC91DC8F49500DA580F /* FirstScreenViewController.swift */ = {isa = PBXFileReference; fileEncoding = 4; lastKnownFileType = sourcecode.swift; path = FirstScreenViewController.swift; sourceTree = "<group>"; };
		C0756B4B1DC74FE200F4777E /* MatchesViewController.swift */ = {isa = PBXFileReference; fileEncoding = 4; lastKnownFileType = sourcecode.swift; path = MatchesViewController.swift; sourceTree = "<group>"; };
		C0756B4D1DC7592900F4777E /* MatchesTableViewCell.swift */ = {isa = PBXFileReference; fileEncoding = 4; lastKnownFileType = sourcecode.swift; path = MatchesTableViewCell.swift; sourceTree = "<group>"; };
		D71701CCC13EBD7DD72EB6F7 /* Pods-AttendrTests.release.xcconfig */ = {isa = PBXFileReference; includeInIndex = 1; lastKnownFileType = text.xcconfig; name = "Pods-AttendrTests.release.xcconfig"; path = "Pods/Target Support Files/Pods-AttendrTests/Pods-AttendrTests.release.xcconfig"; sourceTree = "<group>"; };
		E0E3E44331FE9FD0A0FD120F /* Pods-AttendrUITests.release.xcconfig */ = {isa = PBXFileReference; includeInIndex = 1; lastKnownFileType = text.xcconfig; name = "Pods-AttendrUITests.release.xcconfig"; path = "Pods/Target Support Files/Pods-AttendrUITests/Pods-AttendrUITests.release.xcconfig"; sourceTree = "<group>"; };
		E2A1127D1DC8AE4800F83F36 /* ChatViewController.swift */ = {isa = PBXFileReference; fileEncoding = 4; lastKnownFileType = sourcecode.swift; path = ChatViewController.swift; sourceTree = "<group>"; };
		E2A112831DC8B1D200F83F36 /* GoogleService-Info.plist */ = {isa = PBXFileReference; fileEncoding = 4; lastKnownFileType = text.plist.xml; path = "GoogleService-Info.plist"; sourceTree = "<group>"; };
		E962639EB9D89340A86DB4F3 /* Pods-Attendr.release.xcconfig */ = {isa = PBXFileReference; includeInIndex = 1; lastKnownFileType = text.xcconfig; name = "Pods-Attendr.release.xcconfig"; path = "Pods/Target Support Files/Pods-Attendr/Pods-Attendr.release.xcconfig"; sourceTree = "<group>"; };
		FAFB47F2A685D6D42B50B957 /* Pods_Attendr.framework */ = {isa = PBXFileReference; explicitFileType = wrapper.framework; includeInIndex = 0; path = Pods_Attendr.framework; sourceTree = BUILT_PRODUCTS_DIR; };
/* End PBXFileReference section */

/* Begin PBXFrameworksBuildPhase section */
		36F7C3AB1DBE3B9900E99997 /* Frameworks */ = {
			isa = PBXFrameworksBuildPhase;
			buildActionMask = 2147483647;
			files = (
				DF8637F283B3590BB3E4FADA /* Pods_Attendr.framework in Frameworks */,
			);
			runOnlyForDeploymentPostprocessing = 0;
		};
		36F7C3BF1DBE3B9900E99997 /* Frameworks */ = {
			isa = PBXFrameworksBuildPhase;
			buildActionMask = 2147483647;
			files = (
				F89382583E5B442575B91896 /* Pods_AttendrTests.framework in Frameworks */,
			);
			runOnlyForDeploymentPostprocessing = 0;
		};
		36F7C3CA1DBE3B9900E99997 /* Frameworks */ = {
			isa = PBXFrameworksBuildPhase;
			buildActionMask = 2147483647;
			files = (
				545F2C67E4208FAD5F905357 /* Pods_AttendrUITests.framework in Frameworks */,
			);
			runOnlyForDeploymentPostprocessing = 0;
		};
/* End PBXFrameworksBuildPhase section */

/* Begin PBXGroup section */
		36F7C3A51DBE3B9900E99997 = {
			isa = PBXGroup;
			children = (
				36F7C3B01DBE3B9900E99997 /* Attendr */,
				36F7C3C51DBE3B9900E99997 /* AttendrTests */,
				36F7C3D01DBE3B9900E99997 /* AttendrUITests */,
				36F7C3AF1DBE3B9900E99997 /* Products */,
				CAA7D8182A19FB601DE2765C /* Pods */,
				C05177A8AC1B3A9EFE88D765 /* Frameworks */,
			);
			sourceTree = "<group>";
		};
		36F7C3AF1DBE3B9900E99997 /* Products */ = {
			isa = PBXGroup;
			children = (
				36F7C3AE1DBE3B9900E99997 /* Attendr.app */,
				36F7C3C21DBE3B9900E99997 /* AttendrTests.xctest */,
				36F7C3CD1DBE3B9900E99997 /* AttendrUITests.xctest */,
			);
			name = Products;
			sourceTree = "<group>";
		};
		36F7C3B01DBE3B9900E99997 /* Attendr */ = {
			isa = PBXGroup;
			children = (
				36F7C3B11DBE3B9900E99997 /* AppDelegate.swift */,
				B9B1BDC51DC8069700DA580F /* Assets 23-05-08-484.xcassets */,
				363045C51DC0F77500B06BA6 /* Attendr.entitlements */,
				E2A1127D1DC8AE4800F83F36 /* ChatViewController.swift */,
				B958C1D61DC2120100F48AEC /* EventTableViewCell.swift */,
				B958C1D81DC2161700F48AEC /* EventTableViewController.swift */,
				363045C31DC0CD0E00B06BA6 /* FacebookAuthController.swift */,
				E2A112831DC8B1D200F83F36 /* GoogleService-Info.plist */,
				36F7C3BD1DBE3B9900E99997 /* Info.plist */,
				B9B1BDBF1DC7B4F700DA580F /* LaunchScreen.storyboard */,
				B9B1BD9C1DC3A61900DA580F /* Main.storyboard */,
				B9B1BDC91DC8F49500DA580F /* FirstScreenViewController.swift */,
				C0756B4D1DC7592900F4777E /* MatchesTableViewCell.swift */,
				C0756B4B1DC74FE200F4777E /* MatchesViewController.swift */,
				B9B1BD9A1DC3989B00DA580F /* ResponseViewController.swift */,
				A72C5C351DC6360400EE7ADB /* SettingsViewController.swift */,
				B9B1BDC11DC7F1A300DA580F /* TablePhoto.swift */,
				36F7C3B31DBE3B9900E99997 /* ViewController.swift */,
			);
			path = Attendr;
			sourceTree = "<group>";
		};
		36F7C3C51DBE3B9900E99997 /* AttendrTests */ = {
			isa = PBXGroup;
			children = (
				36F7C3C61DBE3B9900E99997 /* AttendrTests.swift */,
				36F7C3C81DBE3B9900E99997 /* Info.plist */,
			);
			path = AttendrTests;
			sourceTree = "<group>";
		};
		36F7C3D01DBE3B9900E99997 /* AttendrUITests */ = {
			isa = PBXGroup;
			children = (
				36F7C3D11DBE3B9900E99997 /* AttendrUITests.swift */,
				36F7C3D31DBE3B9900E99997 /* Info.plist */,
			);
			path = AttendrUITests;
			sourceTree = "<group>";
		};
		C05177A8AC1B3A9EFE88D765 /* Frameworks */ = {
			isa = PBXGroup;
			children = (
				FAFB47F2A685D6D42B50B957 /* Pods_Attendr.framework */,
				B53DB01A379B21796DC3EC60 /* Pods_AttendrTests.framework */,
				181507A0D25FB6B789239A42 /* Pods_AttendrUITests.framework */,
			);
			name = Frameworks;
			sourceTree = "<group>";
		};
		CAA7D8182A19FB601DE2765C /* Pods */ = {
			isa = PBXGroup;
			children = (
				745EEF66521E5A722C883B13 /* Pods-Attendr.debug.xcconfig */,
				E962639EB9D89340A86DB4F3 /* Pods-Attendr.release.xcconfig */,
				2D0934FA93323F161EECCFFA /* Pods-AttendrTests.debug.xcconfig */,
				D71701CCC13EBD7DD72EB6F7 /* Pods-AttendrTests.release.xcconfig */,
				3B445A6582E426734F812659 /* Pods-AttendrUITests.debug.xcconfig */,
				E0E3E44331FE9FD0A0FD120F /* Pods-AttendrUITests.release.xcconfig */,
			);
			name = Pods;
			sourceTree = "<group>";
		};
/* End PBXGroup section */

/* Begin PBXNativeTarget section */
		36F7C3AD1DBE3B9900E99997 /* Attendr */ = {
			isa = PBXNativeTarget;
			buildConfigurationList = 36F7C3D61DBE3B9900E99997 /* Build configuration list for PBXNativeTarget "Attendr" */;
			buildPhases = (
				AC52A292410D5C71BD52F4A0 /* [CP] Check Pods Manifest.lock */,
				36F7C3AA1DBE3B9900E99997 /* Sources */,
				36F7C3AB1DBE3B9900E99997 /* Frameworks */,
				36F7C3AC1DBE3B9900E99997 /* Resources */,
				07BE6CC6FDD29D63F1F7B952 /* [CP] Embed Pods Frameworks */,
				71544DAE572D389CAC1CC43B /* [CP] Copy Pods Resources */,
			);
			buildRules = (
			);
			dependencies = (
			);
			name = Attendr;
			productName = Attendr;
			productReference = 36F7C3AE1DBE3B9900E99997 /* Attendr.app */;
			productType = "com.apple.product-type.application";
		};
		36F7C3C11DBE3B9900E99997 /* AttendrTests */ = {
			isa = PBXNativeTarget;
			buildConfigurationList = 36F7C3D91DBE3B9900E99997 /* Build configuration list for PBXNativeTarget "AttendrTests" */;
			buildPhases = (
				5B6A0398F03FB7C21D16791D /* [CP] Check Pods Manifest.lock */,
				36F7C3BE1DBE3B9900E99997 /* Sources */,
				36F7C3BF1DBE3B9900E99997 /* Frameworks */,
				36F7C3C01DBE3B9900E99997 /* Resources */,
				AF30C01CB58FC32EA16F737C /* [CP] Embed Pods Frameworks */,
				94A01FBB39551D751853CE4D /* [CP] Copy Pods Resources */,
			);
			buildRules = (
			);
			dependencies = (
				36F7C3C41DBE3B9900E99997 /* PBXTargetDependency */,
			);
			name = AttendrTests;
			productName = AttendrTests;
			productReference = 36F7C3C21DBE3B9900E99997 /* AttendrTests.xctest */;
			productType = "com.apple.product-type.bundle.unit-test";
		};
		36F7C3CC1DBE3B9900E99997 /* AttendrUITests */ = {
			isa = PBXNativeTarget;
			buildConfigurationList = 36F7C3DC1DBE3B9900E99997 /* Build configuration list for PBXNativeTarget "AttendrUITests" */;
			buildPhases = (
				168392280E9A75070DB04077 /* [CP] Check Pods Manifest.lock */,
				36F7C3C91DBE3B9900E99997 /* Sources */,
				36F7C3CA1DBE3B9900E99997 /* Frameworks */,
				36F7C3CB1DBE3B9900E99997 /* Resources */,
				93E37B0B033EA12CA11CFDD0 /* [CP] Embed Pods Frameworks */,
				074DEC6FAEAE0125312D99BE /* [CP] Copy Pods Resources */,
			);
			buildRules = (
			);
			dependencies = (
				36F7C3CF1DBE3B9900E99997 /* PBXTargetDependency */,
			);
			name = AttendrUITests;
			productName = AttendrUITests;
			productReference = 36F7C3CD1DBE3B9900E99997 /* AttendrUITests.xctest */;
			productType = "com.apple.product-type.bundle.ui-testing";
		};
/* End PBXNativeTarget section */

/* Begin PBXProject section */
		36F7C3A61DBE3B9900E99997 /* Project object */ = {
			isa = PBXProject;
			attributes = {
				LastSwiftUpdateCheck = 0800;
				LastUpgradeCheck = 0800;
				ORGANIZATIONNAME = "Matt Vickers";
				TargetAttributes = {
					36F7C3AD1DBE3B9900E99997 = {
						CreatedOnToolsVersion = 8.0;
						DevelopmentTeam = KJE2J2XKDT;
						ProvisioningStyle = Automatic;
						SystemCapabilities = {
							com.apple.Keychain = {
								enabled = 1;
							};
						};
					};
					36F7C3C11DBE3B9900E99997 = {
						CreatedOnToolsVersion = 8.0;
						ProvisioningStyle = Automatic;
						TestTargetID = 36F7C3AD1DBE3B9900E99997;
					};
					36F7C3CC1DBE3B9900E99997 = {
						CreatedOnToolsVersion = 8.0;
						ProvisioningStyle = Automatic;
						TestTargetID = 36F7C3AD1DBE3B9900E99997;
					};
				};
			};
			buildConfigurationList = 36F7C3A91DBE3B9900E99997 /* Build configuration list for PBXProject "Attendr" */;
			compatibilityVersion = "Xcode 3.2";
			developmentRegion = English;
			hasScannedForEncodings = 0;
			knownRegions = (
				en,
				Base,
			);
			mainGroup = 36F7C3A51DBE3B9900E99997;
			productRefGroup = 36F7C3AF1DBE3B9900E99997 /* Products */;
			projectDirPath = "";
			projectRoot = "";
			targets = (
				36F7C3AD1DBE3B9900E99997 /* Attendr */,
				36F7C3C11DBE3B9900E99997 /* AttendrTests */,
				36F7C3CC1DBE3B9900E99997 /* AttendrUITests */,
			);
		};
/* End PBXProject section */

/* Begin PBXResourcesBuildPhase section */
		36F7C3AC1DBE3B9900E99997 /* Resources */ = {
			isa = PBXResourcesBuildPhase;
			buildActionMask = 2147483647;
			files = (
				B9B1BDC61DC8069700DA580F /* Assets 23-05-08-484.xcassets in Resources */,
				E2A112841DC8B1D200F83F36 /* GoogleService-Info.plist in Resources */,
				B9B1BD9D1DC3A61900DA580F /* Main.storyboard in Resources */,
				B9B1BDC01DC7B4F700DA580F /* LaunchScreen.storyboard in Resources */,
			);
			runOnlyForDeploymentPostprocessing = 0;
		};
		36F7C3C01DBE3B9900E99997 /* Resources */ = {
			isa = PBXResourcesBuildPhase;
			buildActionMask = 2147483647;
			files = (
			);
			runOnlyForDeploymentPostprocessing = 0;
		};
		36F7C3CB1DBE3B9900E99997 /* Resources */ = {
			isa = PBXResourcesBuildPhase;
			buildActionMask = 2147483647;
			files = (
			);
			runOnlyForDeploymentPostprocessing = 0;
		};
/* End PBXResourcesBuildPhase section */

/* Begin PBXShellScriptBuildPhase section */
		074DEC6FAEAE0125312D99BE /* [CP] Copy Pods Resources */ = {
			isa = PBXShellScriptBuildPhase;
			buildActionMask = 2147483647;
			files = (
			);
			inputPaths = (
			);
			name = "[CP] Copy Pods Resources";
			outputPaths = (
			);
			runOnlyForDeploymentPostprocessing = 0;
			shellPath = /bin/sh;
			shellScript = "\"${SRCROOT}/Pods/Target Support Files/Pods-AttendrUITests/Pods-AttendrUITests-resources.sh\"\n";
			showEnvVarsInLog = 0;
		};
		07BE6CC6FDD29D63F1F7B952 /* [CP] Embed Pods Frameworks */ = {
			isa = PBXShellScriptBuildPhase;
			buildActionMask = 2147483647;
			files = (
			);
			inputPaths = (
			);
			name = "[CP] Embed Pods Frameworks";
			outputPaths = (
			);
			runOnlyForDeploymentPostprocessing = 0;
			shellPath = /bin/sh;
			shellScript = "\"${SRCROOT}/Pods/Target Support Files/Pods-Attendr/Pods-Attendr-frameworks.sh\"\n";
			showEnvVarsInLog = 0;
		};
		168392280E9A75070DB04077 /* [CP] Check Pods Manifest.lock */ = {
			isa = PBXShellScriptBuildPhase;
			buildActionMask = 2147483647;
			files = (
			);
			inputPaths = (
			);
			name = "[CP] Check Pods Manifest.lock";
			outputPaths = (
			);
			runOnlyForDeploymentPostprocessing = 0;
			shellPath = /bin/sh;
			shellScript = "diff \"${PODS_ROOT}/../Podfile.lock\" \"${PODS_ROOT}/Manifest.lock\" > /dev/null\nif [ $? != 0 ] ; then\n    # print error to STDERR\n    echo \"error: The sandbox is not in sync with the Podfile.lock. Run 'pod install' or update your CocoaPods installation.\" >&2\n    exit 1\nfi\n";
			showEnvVarsInLog = 0;
		};
		5B6A0398F03FB7C21D16791D /* [CP] Check Pods Manifest.lock */ = {
			isa = PBXShellScriptBuildPhase;
			buildActionMask = 2147483647;
			files = (
			);
			inputPaths = (
			);
			name = "[CP] Check Pods Manifest.lock";
			outputPaths = (
			);
			runOnlyForDeploymentPostprocessing = 0;
			shellPath = /bin/sh;
			shellScript = "diff \"${PODS_ROOT}/../Podfile.lock\" \"${PODS_ROOT}/Manifest.lock\" > /dev/null\nif [ $? != 0 ] ; then\n    # print error to STDERR\n    echo \"error: The sandbox is not in sync with the Podfile.lock. Run 'pod install' or update your CocoaPods installation.\" >&2\n    exit 1\nfi\n";
			showEnvVarsInLog = 0;
		};
		71544DAE572D389CAC1CC43B /* [CP] Copy Pods Resources */ = {
			isa = PBXShellScriptBuildPhase;
			buildActionMask = 2147483647;
			files = (
			);
			inputPaths = (
			);
			name = "[CP] Copy Pods Resources";
			outputPaths = (
			);
			runOnlyForDeploymentPostprocessing = 0;
			shellPath = /bin/sh;
			shellScript = "\"${SRCROOT}/Pods/Target Support Files/Pods-Attendr/Pods-Attendr-resources.sh\"\n";
			showEnvVarsInLog = 0;
		};
		93E37B0B033EA12CA11CFDD0 /* [CP] Embed Pods Frameworks */ = {
			isa = PBXShellScriptBuildPhase;
			buildActionMask = 2147483647;
			files = (
			);
			inputPaths = (
			);
			name = "[CP] Embed Pods Frameworks";
			outputPaths = (
			);
			runOnlyForDeploymentPostprocessing = 0;
			shellPath = /bin/sh;
			shellScript = "\"${SRCROOT}/Pods/Target Support Files/Pods-AttendrUITests/Pods-AttendrUITests-frameworks.sh\"\n";
			showEnvVarsInLog = 0;
		};
		94A01FBB39551D751853CE4D /* [CP] Copy Pods Resources */ = {
			isa = PBXShellScriptBuildPhase;
			buildActionMask = 2147483647;
			files = (
			);
			inputPaths = (
			);
			name = "[CP] Copy Pods Resources";
			outputPaths = (
			);
			runOnlyForDeploymentPostprocessing = 0;
			shellPath = /bin/sh;
			shellScript = "\"${SRCROOT}/Pods/Target Support Files/Pods-AttendrTests/Pods-AttendrTests-resources.sh\"\n";
			showEnvVarsInLog = 0;
		};
		AC52A292410D5C71BD52F4A0 /* [CP] Check Pods Manifest.lock */ = {
			isa = PBXShellScriptBuildPhase;
			buildActionMask = 2147483647;
			files = (
			);
			inputPaths = (
			);
			name = "[CP] Check Pods Manifest.lock";
			outputPaths = (
			);
			runOnlyForDeploymentPostprocessing = 0;
			shellPath = /bin/sh;
			shellScript = "diff \"${PODS_ROOT}/../Podfile.lock\" \"${PODS_ROOT}/Manifest.lock\" > /dev/null\nif [ $? != 0 ] ; then\n    # print error to STDERR\n    echo \"error: The sandbox is not in sync with the Podfile.lock. Run 'pod install' or update your CocoaPods installation.\" >&2\n    exit 1\nfi\n";
			showEnvVarsInLog = 0;
		};
		AF30C01CB58FC32EA16F737C /* [CP] Embed Pods Frameworks */ = {
			isa = PBXShellScriptBuildPhase;
			buildActionMask = 2147483647;
			files = (
			);
			inputPaths = (
			);
			name = "[CP] Embed Pods Frameworks";
			outputPaths = (
			);
			runOnlyForDeploymentPostprocessing = 0;
			shellPath = /bin/sh;
			shellScript = "\"${SRCROOT}/Pods/Target Support Files/Pods-AttendrTests/Pods-AttendrTests-frameworks.sh\"\n";
			showEnvVarsInLog = 0;
		};
/* End PBXShellScriptBuildPhase section */

/* Begin PBXSourcesBuildPhase section */
		36F7C3AA1DBE3B9900E99997 /* Sources */ = {
			isa = PBXSourcesBuildPhase;
			buildActionMask = 2147483647;
			files = (
				36F7C3B41DBE3B9900E99997 /* ViewController.swift in Sources */,
				B9B1BDCA1DC8F49500DA580F /* FirstScreenViewController.swift in Sources */,
				C0756B4E1DC7592900F4777E /* MatchesTableViewCell.swift in Sources */,
				E2A1127E1DC8AE4800F83F36 /* ChatViewController.swift in Sources */,
				B9B1BD9B1DC3989B00DA580F /* ResponseViewController.swift in Sources */,
				C0756B4C1DC74FE200F4777E /* MatchesViewController.swift in Sources */,
				A72C5C361DC6360400EE7ADB /* SettingsViewController.swift in Sources */,
				363045C41DC0CD0E00B06BA6 /* FacebookAuthController.swift in Sources */,
				B958C1D71DC2120100F48AEC /* EventTableViewCell.swift in Sources */,
				B9B1BDC21DC7F1A300DA580F /* TablePhoto.swift in Sources */,
				B958C1D91DC2161700F48AEC /* EventTableViewController.swift in Sources */,
				36F7C3B21DBE3B9900E99997 /* AppDelegate.swift in Sources */,
			);
			runOnlyForDeploymentPostprocessing = 0;
		};
		36F7C3BE1DBE3B9900E99997 /* Sources */ = {
			isa = PBXSourcesBuildPhase;
			buildActionMask = 2147483647;
			files = (
				36F7C3C71DBE3B9900E99997 /* AttendrTests.swift in Sources */,
			);
			runOnlyForDeploymentPostprocessing = 0;
		};
		36F7C3C91DBE3B9900E99997 /* Sources */ = {
			isa = PBXSourcesBuildPhase;
			buildActionMask = 2147483647;
			files = (
				36F7C3D21DBE3B9900E99997 /* AttendrUITests.swift in Sources */,
			);
			runOnlyForDeploymentPostprocessing = 0;
		};
/* End PBXSourcesBuildPhase section */

/* Begin PBXTargetDependency section */
		36F7C3C41DBE3B9900E99997 /* PBXTargetDependency */ = {
			isa = PBXTargetDependency;
			target = 36F7C3AD1DBE3B9900E99997 /* Attendr */;
			targetProxy = 36F7C3C31DBE3B9900E99997 /* PBXContainerItemProxy */;
		};
		36F7C3CF1DBE3B9900E99997 /* PBXTargetDependency */ = {
			isa = PBXTargetDependency;
			target = 36F7C3AD1DBE3B9900E99997 /* Attendr */;
			targetProxy = 36F7C3CE1DBE3B9900E99997 /* PBXContainerItemProxy */;
		};
/* End PBXTargetDependency section */

/* Begin XCBuildConfiguration section */
		36F7C3D41DBE3B9900E99997 /* Debug */ = {
			isa = XCBuildConfiguration;
			buildSettings = {
				ALWAYS_SEARCH_USER_PATHS = NO;
				CLANG_ANALYZER_NONNULL = YES;
				CLANG_CXX_LANGUAGE_STANDARD = "gnu++0x";
				CLANG_CXX_LIBRARY = "libc++";
				CLANG_ENABLE_MODULES = YES;
				CLANG_ENABLE_OBJC_ARC = YES;
				CLANG_WARN_BOOL_CONVERSION = YES;
				CLANG_WARN_CONSTANT_CONVERSION = YES;
				CLANG_WARN_DIRECT_OBJC_ISA_USAGE = YES_ERROR;
				CLANG_WARN_DOCUMENTATION_COMMENTS = YES;
				CLANG_WARN_EMPTY_BODY = YES;
				CLANG_WARN_ENUM_CONVERSION = YES;
				CLANG_WARN_INFINITE_RECURSION = YES;
				CLANG_WARN_INT_CONVERSION = YES;
				CLANG_WARN_OBJC_ROOT_CLASS = YES_ERROR;
				CLANG_WARN_SUSPICIOUS_MOVES = YES;
				CLANG_WARN_UNREACHABLE_CODE = YES;
				CLANG_WARN__DUPLICATE_METHOD_MATCH = YES;
				"CODE_SIGN_IDENTITY[sdk=iphoneos*]" = "iPhone Developer";
				COPY_PHASE_STRIP = NO;
				DEBUG_INFORMATION_FORMAT = dwarf;
				ENABLE_STRICT_OBJC_MSGSEND = YES;
				ENABLE_TESTABILITY = YES;
				GCC_C_LANGUAGE_STANDARD = gnu99;
				GCC_DYNAMIC_NO_PIC = NO;
				GCC_NO_COMMON_BLOCKS = YES;
				GCC_OPTIMIZATION_LEVEL = 0;
				GCC_PREPROCESSOR_DEFINITIONS = (
					"DEBUG=1",
					"$(inherited)",
				);
				GCC_WARN_64_TO_32_BIT_CONVERSION = YES;
				GCC_WARN_ABOUT_RETURN_TYPE = YES_ERROR;
				GCC_WARN_UNDECLARED_SELECTOR = YES;
				GCC_WARN_UNINITIALIZED_AUTOS = YES_AGGRESSIVE;
				GCC_WARN_UNUSED_FUNCTION = YES;
				GCC_WARN_UNUSED_VARIABLE = YES;
				IPHONEOS_DEPLOYMENT_TARGET = 10.0;
				MTL_ENABLE_DEBUG_INFO = YES;
				ONLY_ACTIVE_ARCH = YES;
				SDKROOT = iphoneos;
				SWIFT_ACTIVE_COMPILATION_CONDITIONS = DEBUG;
				SWIFT_OPTIMIZATION_LEVEL = "-Onone";
			};
			name = Debug;
		};
		36F7C3D51DBE3B9900E99997 /* Release */ = {
			isa = XCBuildConfiguration;
			buildSettings = {
				ALWAYS_SEARCH_USER_PATHS = NO;
				CLANG_ANALYZER_NONNULL = YES;
				CLANG_CXX_LANGUAGE_STANDARD = "gnu++0x";
				CLANG_CXX_LIBRARY = "libc++";
				CLANG_ENABLE_MODULES = YES;
				CLANG_ENABLE_OBJC_ARC = YES;
				CLANG_WARN_BOOL_CONVERSION = YES;
				CLANG_WARN_CONSTANT_CONVERSION = YES;
				CLANG_WARN_DIRECT_OBJC_ISA_USAGE = YES_ERROR;
				CLANG_WARN_DOCUMENTATION_COMMENTS = YES;
				CLANG_WARN_EMPTY_BODY = YES;
				CLANG_WARN_ENUM_CONVERSION = YES;
				CLANG_WARN_INFINITE_RECURSION = YES;
				CLANG_WARN_INT_CONVERSION = YES;
				CLANG_WARN_OBJC_ROOT_CLASS = YES_ERROR;
				CLANG_WARN_SUSPICIOUS_MOVES = YES;
				CLANG_WARN_UNREACHABLE_CODE = YES;
				CLANG_WARN__DUPLICATE_METHOD_MATCH = YES;
				"CODE_SIGN_IDENTITY[sdk=iphoneos*]" = "iPhone Developer";
				COPY_PHASE_STRIP = NO;
				DEBUG_INFORMATION_FORMAT = "dwarf-with-dsym";
				ENABLE_NS_ASSERTIONS = NO;
				ENABLE_STRICT_OBJC_MSGSEND = YES;
				GCC_C_LANGUAGE_STANDARD = gnu99;
				GCC_NO_COMMON_BLOCKS = YES;
				GCC_WARN_64_TO_32_BIT_CONVERSION = YES;
				GCC_WARN_ABOUT_RETURN_TYPE = YES_ERROR;
				GCC_WARN_UNDECLARED_SELECTOR = YES;
				GCC_WARN_UNINITIALIZED_AUTOS = YES_AGGRESSIVE;
				GCC_WARN_UNUSED_FUNCTION = YES;
				GCC_WARN_UNUSED_VARIABLE = YES;
				IPHONEOS_DEPLOYMENT_TARGET = 10.0;
				MTL_ENABLE_DEBUG_INFO = NO;
				SDKROOT = iphoneos;
				SWIFT_OPTIMIZATION_LEVEL = "-Owholemodule";
				VALIDATE_PRODUCT = YES;
			};
			name = Release;
		};
		36F7C3D71DBE3B9900E99997 /* Debug */ = {
			isa = XCBuildConfiguration;
			baseConfigurationReference = 745EEF66521E5A722C883B13 /* Pods-Attendr.debug.xcconfig */;
			buildSettings = {
				ASSETCATALOG_COMPILER_APPICON_NAME = AppIcon;
				CODE_SIGN_ENTITLEMENTS = Attendr/Attendr.entitlements;
				DEVELOPMENT_TEAM = KJE2J2XKDT;
				INFOPLIST_FILE = Attendr/Info.plist;
				LD_RUNPATH_SEARCH_PATHS = "$(inherited) @executable_path/Frameworks";
				PRODUCT_BUNDLE_IDENTIFIER = com.makers.Attendr;
				PRODUCT_NAME = "$(TARGET_NAME)";
				SWIFT_VERSION = 3.0;
			};
			name = Debug;
		};
		36F7C3D81DBE3B9900E99997 /* Release */ = {
			isa = XCBuildConfiguration;
			baseConfigurationReference = E962639EB9D89340A86DB4F3 /* Pods-Attendr.release.xcconfig */;
			buildSettings = {
				ASSETCATALOG_COMPILER_APPICON_NAME = AppIcon;
				CODE_SIGN_ENTITLEMENTS = Attendr/Attendr.entitlements;
				DEVELOPMENT_TEAM = KJE2J2XKDT;
				INFOPLIST_FILE = Attendr/Info.plist;
				LD_RUNPATH_SEARCH_PATHS = "$(inherited) @executable_path/Frameworks";
				PRODUCT_BUNDLE_IDENTIFIER = com.makers.Attendr;
				PRODUCT_NAME = "$(TARGET_NAME)";
				SWIFT_VERSION = 3.0;
			};
			name = Release;
		};
		36F7C3DA1DBE3B9900E99997 /* Debug */ = {
			isa = XCBuildConfiguration;
			baseConfigurationReference = 2D0934FA93323F161EECCFFA /* Pods-AttendrTests.debug.xcconfig */;
			buildSettings = {
				ALWAYS_EMBED_SWIFT_STANDARD_LIBRARIES = YES;
				BUNDLE_LOADER = "$(TEST_HOST)";
				INFOPLIST_FILE = AttendrTests/Info.plist;
				LD_RUNPATH_SEARCH_PATHS = "$(inherited) @executable_path/Frameworks @loader_path/Frameworks";
				PRODUCT_BUNDLE_IDENTIFIER = com.makers.AttendrTests;
				PRODUCT_NAME = "$(TARGET_NAME)";
				SWIFT_VERSION = 3.0;
				TEST_HOST = "$(BUILT_PRODUCTS_DIR)/Attendr.app/Attendr";
			};
			name = Debug;
		};
		36F7C3DB1DBE3B9900E99997 /* Release */ = {
			isa = XCBuildConfiguration;
			baseConfigurationReference = D71701CCC13EBD7DD72EB6F7 /* Pods-AttendrTests.release.xcconfig */;
			buildSettings = {
				ALWAYS_EMBED_SWIFT_STANDARD_LIBRARIES = YES;
				BUNDLE_LOADER = "$(TEST_HOST)";
				INFOPLIST_FILE = AttendrTests/Info.plist;
				LD_RUNPATH_SEARCH_PATHS = "$(inherited) @executable_path/Frameworks @loader_path/Frameworks";
				PRODUCT_BUNDLE_IDENTIFIER = com.makers.AttendrTests;
				PRODUCT_NAME = "$(TARGET_NAME)";
				SWIFT_VERSION = 3.0;
				TEST_HOST = "$(BUILT_PRODUCTS_DIR)/Attendr.app/Attendr";
			};
			name = Release;
		};
		36F7C3DD1DBE3B9900E99997 /* Debug */ = {
			isa = XCBuildConfiguration;
			baseConfigurationReference = 3B445A6582E426734F812659 /* Pods-AttendrUITests.debug.xcconfig */;
			buildSettings = {
				ALWAYS_EMBED_SWIFT_STANDARD_LIBRARIES = YES;
				INFOPLIST_FILE = AttendrUITests/Info.plist;
				LD_RUNPATH_SEARCH_PATHS = "$(inherited) @executable_path/Frameworks @loader_path/Frameworks";
				PRODUCT_BUNDLE_IDENTIFIER = com.makers.AttendrUITests;
				PRODUCT_NAME = "$(TARGET_NAME)";
				SWIFT_VERSION = 3.0;
				TEST_TARGET_NAME = Attendr;
			};
			name = Debug;
		};
		36F7C3DE1DBE3B9900E99997 /* Release */ = {
			isa = XCBuildConfiguration;
			baseConfigurationReference = E0E3E44331FE9FD0A0FD120F /* Pods-AttendrUITests.release.xcconfig */;
			buildSettings = {
				ALWAYS_EMBED_SWIFT_STANDARD_LIBRARIES = YES;
				INFOPLIST_FILE = AttendrUITests/Info.plist;
				LD_RUNPATH_SEARCH_PATHS = "$(inherited) @executable_path/Frameworks @loader_path/Frameworks";
				PRODUCT_BUNDLE_IDENTIFIER = com.makers.AttendrUITests;
				PRODUCT_NAME = "$(TARGET_NAME)";
				SWIFT_VERSION = 3.0;
				TEST_TARGET_NAME = Attendr;
			};
			name = Release;
		};
/* End XCBuildConfiguration section */

/* Begin XCConfigurationList section */
		36F7C3A91DBE3B9900E99997 /* Build configuration list for PBXProject "Attendr" */ = {
			isa = XCConfigurationList;
			buildConfigurations = (
				36F7C3D41DBE3B9900E99997 /* Debug */,
				36F7C3D51DBE3B9900E99997 /* Release */,
			);
			defaultConfigurationIsVisible = 0;
			defaultConfigurationName = Release;
		};
		36F7C3D61DBE3B9900E99997 /* Build configuration list for PBXNativeTarget "Attendr" */ = {
			isa = XCConfigurationList;
			buildConfigurations = (
				36F7C3D71DBE3B9900E99997 /* Debug */,
				36F7C3D81DBE3B9900E99997 /* Release */,
			);
			defaultConfigurationIsVisible = 0;
			defaultConfigurationName = Release;
		};
		36F7C3D91DBE3B9900E99997 /* Build configuration list for PBXNativeTarget "AttendrTests" */ = {
			isa = XCConfigurationList;
			buildConfigurations = (
				36F7C3DA1DBE3B9900E99997 /* Debug */,
				36F7C3DB1DBE3B9900E99997 /* Release */,
			);
			defaultConfigurationIsVisible = 0;
			defaultConfigurationName = Release;
		};
		36F7C3DC1DBE3B9900E99997 /* Build configuration list for PBXNativeTarget "AttendrUITests" */ = {
			isa = XCConfigurationList;
			buildConfigurations = (
				36F7C3DD1DBE3B9900E99997 /* Debug */,
				36F7C3DE1DBE3B9900E99997 /* Release */,
			);
			defaultConfigurationIsVisible = 0;
			defaultConfigurationName = Release;
		};
/* End XCConfigurationList section */
	};
	rootObject = 36F7C3A61DBE3B9900E99997 /* Project object */;
}
